
Microsoft Visual Studio Solution File, Format Version 12.00
# Visual Studio 14
VisualStudioVersion = 14.0.25420.1
MinimumVisualStudioVersion = 10.0.40219.1
Project("{FAE04EC0-301F-11D3-BF4B-00C04F79EFBC}") = "ReportIt.Droid", "ReportIt\ReportIt.Droid\ReportIt.Droid.csproj", "{7CC803EF-AD2C-4A2E-8697-C375C6872E30}"
EndProject
Project("{FAE04EC0-301F-11D3-BF4B-00C04F79EFBC}") = "ReportIt.iOS", "ReportIt\ReportIt.iOS\ReportIt.iOS.csproj", "{BD1AABDE-91C0-4A79-BE94-BFAA7003E937}"
EndProject
Project("{FAE04EC0-301F-11D3-BF4B-00C04F79EFBC}") = "ReportIt.UWP", "ReportIt\ReportIt.UWP\ReportIt.UWP.csproj", "{104C51FC-A9B0-45C5-BC23-728C676F2DCB}"
EndProject
Project("{F2A71F9B-5D33-465A-A702-920D77279786}") = "ReportIt", "ReportIt\ReportIt\ReportIt.fsproj", "{B0F820F5-9A0B-4BD9-8E51-2F75314E01BB}"
EndProject
Project("{F2A71F9B-5D33-465A-A702-920D77279786}") = "ReportIt.Pages", "ReportIt\ReportIt.Pages\ReportIt.Pages.fsproj", "{146CFE1A-F7BD-4783-8E09-5D8FE3B2C25D}"
EndProject
Project("{2150E333-8FDC-42A3-9474-1A3956D46DE8}") = "App", "App", "{1FBE5FD3-0751-443B-B6E8-1C1C0B7CB6D2}"
EndProject
Global
	GlobalSection(SolutionConfigurationPlatforms) = preSolution
		Ad-Hoc|Any CPU = Ad-Hoc|Any CPU
		Ad-Hoc|ARM = Ad-Hoc|ARM
		Ad-Hoc|iPhone = Ad-Hoc|iPhone
		Ad-Hoc|iPhoneSimulator = Ad-Hoc|iPhoneSimulator
		Ad-Hoc|x64 = Ad-Hoc|x64
		Ad-Hoc|x86 = Ad-Hoc|x86
		AppStore|Any CPU = AppStore|Any CPU
		AppStore|ARM = AppStore|ARM
		AppStore|iPhone = AppStore|iPhone
		AppStore|iPhoneSimulator = AppStore|iPhoneSimulator
		AppStore|x64 = AppStore|x64
		AppStore|x86 = AppStore|x86
		Debug|Any CPU = Debug|Any CPU
		Debug|ARM = Debug|ARM
		Debug|iPhone = Debug|iPhone
		Debug|iPhoneSimulator = Debug|iPhoneSimulator
		Debug|x64 = Debug|x64
		Debug|x86 = Debug|x86
		Release|Any CPU = Release|Any CPU
		Release|ARM = Release|ARM
		Release|iPhone = Release|iPhone
		Release|iPhoneSimulator = Release|iPhoneSimulator
		Release|x64 = Release|x64
		Release|x86 = Release|x86
	EndGlobalSection
	GlobalSection(ProjectConfigurationPlatforms) = postSolution
		{7CC803EF-AD2C-4A2E-8697-C375C6872E30}.Ad-Hoc|Any CPU.ActiveCfg = Release|Any CPU
		{7CC803EF-AD2C-4A2E-8697-C375C6872E30}.Ad-Hoc|Any CPU.Build.0 = Release|Any CPU
		{7CC803EF-AD2C-4A2E-8697-C375C6872E30}.Ad-Hoc|Any CPU.Deploy.0 = Release|Any CPU
		{7CC803EF-AD2C-4A2E-8697-C375C6872E30}.Ad-Hoc|ARM.ActiveCfg = Release|Any CPU
		{7CC803EF-AD2C-4A2E-8697-C375C6872E30}.Ad-Hoc|ARM.Build.0 = Release|Any CPU
		{7CC803EF-AD2C-4A2E-8697-C375C6872E30}.Ad-Hoc|ARM.Deploy.0 = Release|Any CPU
		{7CC803EF-AD2C-4A2E-8697-C375C6872E30}.Ad-Hoc|iPhone.ActiveCfg = Release|Any CPU
		{7CC803EF-AD2C-4A2E-8697-C375C6872E30}.Ad-Hoc|iPhone.Build.0 = Release|Any CPU
		{7CC803EF-AD2C-4A2E-8697-C375C6872E30}.Ad-Hoc|iPhone.Deploy.0 = Release|Any CPU
		{7CC803EF-AD2C-4A2E-8697-C375C6872E30}.Ad-Hoc|iPhoneSimulator.ActiveCfg = Release|Any CPU
		{7CC803EF-AD2C-4A2E-8697-C375C6872E30}.Ad-Hoc|iPhoneSimulator.Build.0 = Release|Any CPU
		{7CC803EF-AD2C-4A2E-8697-C375C6872E30}.Ad-Hoc|iPhoneSimulator.Deploy.0 = Release|Any CPU
		{7CC803EF-AD2C-4A2E-8697-C375C6872E30}.Ad-Hoc|x64.ActiveCfg = Release|Any CPU
		{7CC803EF-AD2C-4A2E-8697-C375C6872E30}.Ad-Hoc|x64.Build.0 = Release|Any CPU
		{7CC803EF-AD2C-4A2E-8697-C375C6872E30}.Ad-Hoc|x64.Deploy.0 = Release|Any CPU
		{7CC803EF-AD2C-4A2E-8697-C375C6872E30}.Ad-Hoc|x86.ActiveCfg = Release|Any CPU
		{7CC803EF-AD2C-4A2E-8697-C375C6872E30}.Ad-Hoc|x86.Build.0 = Release|Any CPU
		{7CC803EF-AD2C-4A2E-8697-C375C6872E30}.Ad-Hoc|x86.Deploy.0 = Release|Any CPU
		{7CC803EF-AD2C-4A2E-8697-C375C6872E30}.AppStore|Any CPU.ActiveCfg = Release|Any CPU
		{7CC803EF-AD2C-4A2E-8697-C375C6872E30}.AppStore|Any CPU.Build.0 = Release|Any CPU
		{7CC803EF-AD2C-4A2E-8697-C375C6872E30}.AppStore|Any CPU.Deploy.0 = Release|Any CPU
		{7CC803EF-AD2C-4A2E-8697-C375C6872E30}.AppStore|ARM.ActiveCfg = Release|Any CPU
		{7CC803EF-AD2C-4A2E-8697-C375C6872E30}.AppStore|ARM.Build.0 = Release|Any CPU
		{7CC803EF-AD2C-4A2E-8697-C375C6872E30}.AppStore|ARM.Deploy.0 = Release|Any CPU
		{7CC803EF-AD2C-4A2E-8697-C375C6872E30}.AppStore|iPhone.ActiveCfg = Release|Any CPU
		{7CC803EF-AD2C-4A2E-8697-C375C6872E30}.AppStore|iPhone.Build.0 = Release|Any CPU
		{7CC803EF-AD2C-4A2E-8697-C375C6872E30}.AppStore|iPhone.Deploy.0 = Release|Any CPU
		{7CC803EF-AD2C-4A2E-8697-C375C6872E30}.AppStore|iPhoneSimulator.ActiveCfg = Release|Any CPU
		{7CC803EF-AD2C-4A2E-8697-C375C6872E30}.AppStore|iPhoneSimulator.Build.0 = Release|Any CPU
		{7CC803EF-AD2C-4A2E-8697-C375C6872E30}.AppStore|iPhoneSimulator.Deploy.0 = Release|Any CPU
		{7CC803EF-AD2C-4A2E-8697-C375C6872E30}.AppStore|x64.ActiveCfg = Release|Any CPU
		{7CC803EF-AD2C-4A2E-8697-C375C6872E30}.AppStore|x64.Build.0 = Release|Any CPU
		{7CC803EF-AD2C-4A2E-8697-C375C6872E30}.AppStore|x64.Deploy.0 = Release|Any CPU
		{7CC803EF-AD2C-4A2E-8697-C375C6872E30}.AppStore|x86.ActiveCfg = Release|Any CPU
		{7CC803EF-AD2C-4A2E-8697-C375C6872E30}.AppStore|x86.Build.0 = Release|Any CPU
		{7CC803EF-AD2C-4A2E-8697-C375C6872E30}.AppStore|x86.Deploy.0 = Release|Any CPU
		{7CC803EF-AD2C-4A2E-8697-C375C6872E30}.Debug|Any CPU.ActiveCfg = Debug|Any CPU
		{7CC803EF-AD2C-4A2E-8697-C375C6872E30}.Debug|Any CPU.Build.0 = Debug|Any CPU
		{7CC803EF-AD2C-4A2E-8697-C375C6872E30}.Debug|Any CPU.Deploy.0 = Debug|Any CPU
		{7CC803EF-AD2C-4A2E-8697-C375C6872E30}.Debug|ARM.ActiveCfg = Debug|Any CPU
		{7CC803EF-AD2C-4A2E-8697-C375C6872E30}.Debug|ARM.Build.0 = Debug|Any CPU
		{7CC803EF-AD2C-4A2E-8697-C375C6872E30}.Debug|ARM.Deploy.0 = Debug|Any CPU
		{7CC803EF-AD2C-4A2E-8697-C375C6872E30}.Debug|iPhone.ActiveCfg = Debug|Any CPU
		{7CC803EF-AD2C-4A2E-8697-C375C6872E30}.Debug|iPhone.Build.0 = Debug|Any CPU
		{7CC803EF-AD2C-4A2E-8697-C375C6872E30}.Debug|iPhone.Deploy.0 = Debug|Any CPU
		{7CC803EF-AD2C-4A2E-8697-C375C6872E30}.Debug|iPhoneSimulator.ActiveCfg = Debug|Any CPU
		{7CC803EF-AD2C-4A2E-8697-C375C6872E30}.Debug|iPhoneSimulator.Build.0 = Debug|Any CPU
		{7CC803EF-AD2C-4A2E-8697-C375C6872E30}.Debug|iPhoneSimulator.Deploy.0 = Debug|Any CPU
		{7CC803EF-AD2C-4A2E-8697-C375C6872E30}.Debug|x64.ActiveCfg = Debug|Any CPU
		{7CC803EF-AD2C-4A2E-8697-C375C6872E30}.Debug|x64.Build.0 = Debug|Any CPU
		{7CC803EF-AD2C-4A2E-8697-C375C6872E30}.Debug|x64.Deploy.0 = Debug|Any CPU
		{7CC803EF-AD2C-4A2E-8697-C375C6872E30}.Debug|x86.ActiveCfg = Debug|Any CPU
		{7CC803EF-AD2C-4A2E-8697-C375C6872E30}.Debug|x86.Build.0 = Debug|Any CPU
		{7CC803EF-AD2C-4A2E-8697-C375C6872E30}.Debug|x86.Deploy.0 = Debug|Any CPU
		{7CC803EF-AD2C-4A2E-8697-C375C6872E30}.Release|Any CPU.ActiveCfg = Release|Any CPU
		{7CC803EF-AD2C-4A2E-8697-C375C6872E30}.Release|Any CPU.Build.0 = Release|Any CPU
		{7CC803EF-AD2C-4A2E-8697-C375C6872E30}.Release|Any CPU.Deploy.0 = Release|Any CPU
		{7CC803EF-AD2C-4A2E-8697-C375C6872E30}.Release|ARM.ActiveCfg = Release|Any CPU
		{7CC803EF-AD2C-4A2E-8697-C375C6872E30}.Release|ARM.Build.0 = Release|Any CPU
		{7CC803EF-AD2C-4A2E-8697-C375C6872E30}.Release|ARM.Deploy.0 = Release|Any CPU
		{7CC803EF-AD2C-4A2E-8697-C375C6872E30}.Release|iPhone.ActiveCfg = Release|Any CPU
		{7CC803EF-AD2C-4A2E-8697-C375C6872E30}.Release|iPhone.Build.0 = Release|Any CPU
		{7CC803EF-AD2C-4A2E-8697-C375C6872E30}.Release|iPhone.Deploy.0 = Release|Any CPU
		{7CC803EF-AD2C-4A2E-8697-C375C6872E30}.Release|iPhoneSimulator.ActiveCfg = Release|Any CPU
		{7CC803EF-AD2C-4A2E-8697-C375C6872E30}.Release|iPhoneSimulator.Build.0 = Release|Any CPU
		{7CC803EF-AD2C-4A2E-8697-C375C6872E30}.Release|iPhoneSimulator.Deploy.0 = Release|Any CPU
		{7CC803EF-AD2C-4A2E-8697-C375C6872E30}.Release|x64.ActiveCfg = Release|Any CPU
		{7CC803EF-AD2C-4A2E-8697-C375C6872E30}.Release|x64.Build.0 = Release|Any CPU
		{7CC803EF-AD2C-4A2E-8697-C375C6872E30}.Release|x64.Deploy.0 = Release|Any CPU
		{7CC803EF-AD2C-4A2E-8697-C375C6872E30}.Release|x86.ActiveCfg = Release|Any CPU
		{7CC803EF-AD2C-4A2E-8697-C375C6872E30}.Release|x86.Build.0 = Release|Any CPU
		{7CC803EF-AD2C-4A2E-8697-C375C6872E30}.Release|x86.Deploy.0 = Release|Any CPU
		{BD1AABDE-91C0-4A79-BE94-BFAA7003E937}.Ad-Hoc|Any CPU.ActiveCfg = Ad-Hoc|iPhone
		{BD1AABDE-91C0-4A79-BE94-BFAA7003E937}.Ad-Hoc|ARM.ActiveCfg = Ad-Hoc|iPhone
		{BD1AABDE-91C0-4A79-BE94-BFAA7003E937}.Ad-Hoc|iPhone.ActiveCfg = Ad-Hoc|iPhone
		{BD1AABDE-91C0-4A79-BE94-BFAA7003E937}.Ad-Hoc|iPhone.Build.0 = Ad-Hoc|iPhone
		{BD1AABDE-91C0-4A79-BE94-BFAA7003E937}.Ad-Hoc|iPhoneSimulator.ActiveCfg = Ad-Hoc|iPhoneSimulator
		{BD1AABDE-91C0-4A79-BE94-BFAA7003E937}.Ad-Hoc|iPhoneSimulator.Build.0 = Ad-Hoc|iPhoneSimulator
		{BD1AABDE-91C0-4A79-BE94-BFAA7003E937}.Ad-Hoc|x64.ActiveCfg = Ad-Hoc|iPhone
		{BD1AABDE-91C0-4A79-BE94-BFAA7003E937}.Ad-Hoc|x86.ActiveCfg = Ad-Hoc|iPhone
		{BD1AABDE-91C0-4A79-BE94-BFAA7003E937}.AppStore|Any CPU.ActiveCfg = AppStore|iPhone
		{BD1AABDE-91C0-4A79-BE94-BFAA7003E937}.AppStore|ARM.ActiveCfg = AppStore|iPhone
		{BD1AABDE-91C0-4A79-BE94-BFAA7003E937}.AppStore|iPhone.ActiveCfg = AppStore|iPhone
		{BD1AABDE-91C0-4A79-BE94-BFAA7003E937}.AppStore|iPhone.Build.0 = AppStore|iPhone
		{BD1AABDE-91C0-4A79-BE94-BFAA7003E937}.AppStore|iPhoneSimulator.ActiveCfg = AppStore|iPhoneSimulator
		{BD1AABDE-91C0-4A79-BE94-BFAA7003E937}.AppStore|iPhoneSimulator.Build.0 = AppStore|iPhoneSimulator
		{BD1AABDE-91C0-4A79-BE94-BFAA7003E937}.AppStore|x64.ActiveCfg = AppStore|iPhone
		{BD1AABDE-91C0-4A79-BE94-BFAA7003E937}.AppStore|x86.ActiveCfg = AppStore|iPhone
		{BD1AABDE-91C0-4A79-BE94-BFAA7003E937}.Debug|Any CPU.ActiveCfg = Debug|iPhone
		{BD1AABDE-91C0-4A79-BE94-BFAA7003E937}.Debug|ARM.ActiveCfg = Debug|iPhone
		{BD1AABDE-91C0-4A79-BE94-BFAA7003E937}.Debug|iPhone.ActiveCfg = Debug|iPhone
		{BD1AABDE-91C0-4A79-BE94-BFAA7003E937}.Debug|iPhone.Build.0 = Debug|iPhone
		{BD1AABDE-91C0-4A79-BE94-BFAA7003E937}.Debug|iPhoneSimulator.ActiveCfg = Debug|iPhoneSimulator
		{BD1AABDE-91C0-4A79-BE94-BFAA7003E937}.Debug|iPhoneSimulator.Build.0 = Debug|iPhoneSimulator
		{BD1AABDE-91C0-4A79-BE94-BFAA7003E937}.Debug|x64.ActiveCfg = Debug|iPhone
		{BD1AABDE-91C0-4A79-BE94-BFAA7003E937}.Debug|x86.ActiveCfg = Debug|iPhone
		{BD1AABDE-91C0-4A79-BE94-BFAA7003E937}.Release|Any CPU.ActiveCfg = Release|iPhone
		{BD1AABDE-91C0-4A79-BE94-BFAA7003E937}.Release|ARM.ActiveCfg = Release|iPhone
		{BD1AABDE-91C0-4A79-BE94-BFAA7003E937}.Release|iPhone.ActiveCfg = Release|iPhone
		{BD1AABDE-91C0-4A79-BE94-BFAA7003E937}.Release|iPhone.Build.0 = Release|iPhone
		{BD1AABDE-91C0-4A79-BE94-BFAA7003E937}.Release|iPhoneSimulator.ActiveCfg = Release|iPhoneSimulator
		{BD1AABDE-91C0-4A79-BE94-BFAA7003E937}.Release|iPhoneSimulator.Build.0 = Release|iPhoneSimulator
		{BD1AABDE-91C0-4A79-BE94-BFAA7003E937}.Release|x64.ActiveCfg = Release|iPhone
		{BD1AABDE-91C0-4A79-BE94-BFAA7003E937}.Release|x86.ActiveCfg = Release|iPhone
		{104C51FC-A9B0-45C5-BC23-728C676F2DCB}.Ad-Hoc|Any CPU.ActiveCfg = Release|x86
		{104C51FC-A9B0-45C5-BC23-728C676F2DCB}.Ad-Hoc|ARM.ActiveCfg = Release|ARM
		{104C51FC-A9B0-45C5-BC23-728C676F2DCB}.Ad-Hoc|ARM.Build.0 = Release|ARM
		{104C51FC-A9B0-45C5-BC23-728C676F2DCB}.Ad-Hoc|ARM.Deploy.0 = Release|ARM
		{104C51FC-A9B0-45C5-BC23-728C676F2DCB}.Ad-Hoc|iPhone.ActiveCfg = Release|x86
		{104C51FC-A9B0-45C5-BC23-728C676F2DCB}.Ad-Hoc|iPhoneSimulator.ActiveCfg = Release|x86
		{104C51FC-A9B0-45C5-BC23-728C676F2DCB}.Ad-Hoc|x64.ActiveCfg = Release|x64
		{104C51FC-A9B0-45C5-BC23-728C676F2DCB}.Ad-Hoc|x64.Build.0 = Release|x64
		{104C51FC-A9B0-45C5-BC23-728C676F2DCB}.Ad-Hoc|x64.Deploy.0 = Release|x64
		{104C51FC-A9B0-45C5-BC23-728C676F2DCB}.Ad-Hoc|x86.ActiveCfg = Release|x86
		{104C51FC-A9B0-45C5-BC23-728C676F2DCB}.Ad-Hoc|x86.Build.0 = Release|x86
		{104C51FC-A9B0-45C5-BC23-728C676F2DCB}.Ad-Hoc|x86.Deploy.0 = Release|x86
		{104C51FC-A9B0-45C5-BC23-728C676F2DCB}.AppStore|Any CPU.ActiveCfg = Release|x86
		{104C51FC-A9B0-45C5-BC23-728C676F2DCB}.AppStore|ARM.ActiveCfg = Release|ARM
		{104C51FC-A9B0-45C5-BC23-728C676F2DCB}.AppStore|ARM.Build.0 = Release|ARM
		{104C51FC-A9B0-45C5-BC23-728C676F2DCB}.AppStore|ARM.Deploy.0 = Release|ARM
		{104C51FC-A9B0-45C5-BC23-728C676F2DCB}.AppStore|iPhone.ActiveCfg = Release|x86
		{104C51FC-A9B0-45C5-BC23-728C676F2DCB}.AppStore|iPhoneSimulator.ActiveCfg = Release|x86
		{104C51FC-A9B0-45C5-BC23-728C676F2DCB}.AppStore|x64.ActiveCfg = Release|x64
		{104C51FC-A9B0-45C5-BC23-728C676F2DCB}.AppStore|x64.Build.0 = Release|x64
		{104C51FC-A9B0-45C5-BC23-728C676F2DCB}.AppStore|x64.Deploy.0 = Release|x64
		{104C51FC-A9B0-45C5-BC23-728C676F2DCB}.AppStore|x86.ActiveCfg = Release|x86
		{104C51FC-A9B0-45C5-BC23-728C676F2DCB}.AppStore|x86.Build.0 = Release|x86
		{104C51FC-A9B0-45C5-BC23-728C676F2DCB}.AppStore|x86.Deploy.0 = Release|x86
		{104C51FC-A9B0-45C5-BC23-728C676F2DCB}.Debug|Any CPU.ActiveCfg = Debug|x86
		{104C51FC-A9B0-45C5-BC23-728C676F2DCB}.Debug|ARM.ActiveCfg = Debug|ARM
		{104C51FC-A9B0-45C5-BC23-728C676F2DCB}.Debug|ARM.Build.0 = Debug|ARM
		{104C51FC-A9B0-45C5-BC23-728C676F2DCB}.Debug|ARM.Deploy.0 = Debug|ARM
		{104C51FC-A9B0-45C5-BC23-728C676F2DCB}.Debug|iPhone.ActiveCfg = Debug|x86
		{104C51FC-A9B0-45C5-BC23-728C676F2DCB}.Debug|iPhoneSimulator.ActiveCfg = Debug|x86
		{104C51FC-A9B0-45C5-BC23-728C676F2DCB}.Debug|x64.ActiveCfg = Debug|x64
		{104C51FC-A9B0-45C5-BC23-728C676F2DCB}.Debug|x64.Build.0 = Debug|x64
		{104C51FC-A9B0-45C5-BC23-728C676F2DCB}.Debug|x64.Deploy.0 = Debug|x64
		{104C51FC-A9B0-45C5-BC23-728C676F2DCB}.Debug|x86.ActiveCfg = Debug|x86
		{104C51FC-A9B0-45C5-BC23-728C676F2DCB}.Debug|x86.Build.0 = Debug|x86
		{104C51FC-A9B0-45C5-BC23-728C676F2DCB}.Debug|x86.Deploy.0 = Debug|x86
		{104C51FC-A9B0-45C5-BC23-728C676F2DCB}.Release|Any CPU.ActiveCfg = Release|x86
		{104C51FC-A9B0-45C5-BC23-728C676F2DCB}.Release|ARM.ActiveCfg = Release|ARM
		{104C51FC-A9B0-45C5-BC23-728C676F2DCB}.Release|ARM.Build.0 = Release|ARM
		{104C51FC-A9B0-45C5-BC23-728C676F2DCB}.Release|ARM.Deploy.0 = Release|ARM
		{104C51FC-A9B0-45C5-BC23-728C676F2DCB}.Release|iPhone.ActiveCfg = Release|x86
		{104C51FC-A9B0-45C5-BC23-728C676F2DCB}.Release|iPhoneSimulator.ActiveCfg = Release|x86
		{104C51FC-A9B0-45C5-BC23-728C676F2DCB}.Release|x64.ActiveCfg = Release|x64
		{104C51FC-A9B0-45C5-BC23-728C676F2DCB}.Release|x64.Build.0 = Release|x64
		{104C51FC-A9B0-45C5-BC23-728C676F2DCB}.Release|x64.Deploy.0 = Release|x64
		{104C51FC-A9B0-45C5-BC23-728C676F2DCB}.Release|x86.ActiveCfg = Release|x86
		{104C51FC-A9B0-45C5-BC23-728C676F2DCB}.Release|x86.Build.0 = Release|x86
		{104C51FC-A9B0-45C5-BC23-728C676F2DCB}.Release|x86.Deploy.0 = Release|x86
		{B0F820F5-9A0B-4BD9-8E51-2F75314E01BB}.Ad-Hoc|Any CPU.ActiveCfg = Release|Any CPU
		{B0F820F5-9A0B-4BD9-8E51-2F75314E01BB}.Ad-Hoc|Any CPU.Build.0 = Release|Any CPU
		{B0F820F5-9A0B-4BD9-8E51-2F75314E01BB}.Ad-Hoc|ARM.ActiveCfg = Release|Any CPU
		{B0F820F5-9A0B-4BD9-8E51-2F75314E01BB}.Ad-Hoc|ARM.Build.0 = Release|Any CPU
		{B0F820F5-9A0B-4BD9-8E51-2F75314E01BB}.Ad-Hoc|iPhone.ActiveCfg = Release|Any CPU
		{B0F820F5-9A0B-4BD9-8E51-2F75314E01BB}.Ad-Hoc|iPhone.Build.0 = Release|Any CPU
		{B0F820F5-9A0B-4BD9-8E51-2F75314E01BB}.Ad-Hoc|iPhoneSimulator.ActiveCfg = Release|Any CPU
		{B0F820F5-9A0B-4BD9-8E51-2F75314E01BB}.Ad-Hoc|iPhoneSimulator.Build.0 = Release|Any CPU
		{B0F820F5-9A0B-4BD9-8E51-2F75314E01BB}.Ad-Hoc|x64.ActiveCfg = Release|Any CPU
		{B0F820F5-9A0B-4BD9-8E51-2F75314E01BB}.Ad-Hoc|x64.Build.0 = Release|Any CPU
		{B0F820F5-9A0B-4BD9-8E51-2F75314E01BB}.Ad-Hoc|x86.ActiveCfg = Release|Any CPU
		{B0F820F5-9A0B-4BD9-8E51-2F75314E01BB}.Ad-Hoc|x86.Build.0 = Release|Any CPU
		{B0F820F5-9A0B-4BD9-8E51-2F75314E01BB}.AppStore|Any CPU.ActiveCfg = Release|Any CPU
		{B0F820F5-9A0B-4BD9-8E51-2F75314E01BB}.AppStore|Any CPU.Build.0 = Release|Any CPU
		{B0F820F5-9A0B-4BD9-8E51-2F75314E01BB}.AppStore|ARM.ActiveCfg = Release|Any CPU
		{B0F820F5-9A0B-4BD9-8E51-2F75314E01BB}.AppStore|ARM.Build.0 = Release|Any CPU
		{B0F820F5-9A0B-4BD9-8E51-2F75314E01BB}.AppStore|iPhone.ActiveCfg = Release|Any CPU
		{B0F820F5-9A0B-4BD9-8E51-2F75314E01BB}.AppStore|iPhone.Build.0 = Release|Any CPU
		{B0F820F5-9A0B-4BD9-8E51-2F75314E01BB}.AppStore|iPhoneSimulator.ActiveCfg = Release|Any CPU
		{B0F820F5-9A0B-4BD9-8E51-2F75314E01BB}.AppStore|iPhoneSimulator.Build.0 = Release|Any CPU
		{B0F820F5-9A0B-4BD9-8E51-2F75314E01BB}.AppStore|x64.ActiveCfg = Release|Any CPU
		{B0F820F5-9A0B-4BD9-8E51-2F75314E01BB}.AppStore|x64.Build.0 = Release|Any CPU
		{B0F820F5-9A0B-4BD9-8E51-2F75314E01BB}.AppStore|x86.ActiveCfg = Release|Any CPU
		{B0F820F5-9A0B-4BD9-8E51-2F75314E01BB}.AppStore|x86.Build.0 = Release|Any CPU
		{B0F820F5-9A0B-4BD9-8E51-2F75314E01BB}.Debug|Any CPU.ActiveCfg = Debug|Any CPU
		{B0F820F5-9A0B-4BD9-8E51-2F75314E01BB}.Debug|Any CPU.Build.0 = Debug|Any CPU
		{B0F820F5-9A0B-4BD9-8E51-2F75314E01BB}.Debug|ARM.ActiveCfg = Debug|Any CPU
		{B0F820F5-9A0B-4BD9-8E51-2F75314E01BB}.Debug|ARM.Build.0 = Debug|Any CPU
		{B0F820F5-9A0B-4BD9-8E51-2F75314E01BB}.Debug|iPhone.ActiveCfg = Debug|Any CPU
		{B0F820F5-9A0B-4BD9-8E51-2F75314E01BB}.Debug|iPhone.Build.0 = Debug|Any CPU
		{B0F820F5-9A0B-4BD9-8E51-2F75314E01BB}.Debug|iPhoneSimulator.ActiveCfg = Debug|Any CPU
		{B0F820F5-9A0B-4BD9-8E51-2F75314E01BB}.Debug|iPhoneSimulator.Build.0 = Debug|Any CPU
		{B0F820F5-9A0B-4BD9-8E51-2F75314E01BB}.Debug|x64.ActiveCfg = Debug|Any CPU
		{B0F820F5-9A0B-4BD9-8E51-2F75314E01BB}.Debug|x64.Build.0 = Debug|Any CPU
		{B0F820F5-9A0B-4BD9-8E51-2F75314E01BB}.Debug|x86.ActiveCfg = Debug|Any CPU
		{B0F820F5-9A0B-4BD9-8E51-2F75314E01BB}.Debug|x86.Build.0 = Debug|Any CPU
		{B0F820F5-9A0B-4BD9-8E51-2F75314E01BB}.Release|Any CPU.ActiveCfg = Release|Any CPU
		{B0F820F5-9A0B-4BD9-8E51-2F75314E01BB}.Release|Any CPU.Build.0 = Release|Any CPU
		{B0F820F5-9A0B-4BD9-8E51-2F75314E01BB}.Release|ARM.ActiveCfg = Release|Any CPU
		{B0F820F5-9A0B-4BD9-8E51-2F75314E01BB}.Release|ARM.Build.0 = Release|Any CPU
		{B0F820F5-9A0B-4BD9-8E51-2F75314E01BB}.Release|iPhone.ActiveCfg = Release|Any CPU
		{B0F820F5-9A0B-4BD9-8E51-2F75314E01BB}.Release|iPhone.Build.0 = Release|Any CPU
		{B0F820F5-9A0B-4BD9-8E51-2F75314E01BB}.Release|iPhoneSimulator.ActiveCfg = Release|Any CPU
		{B0F820F5-9A0B-4BD9-8E51-2F75314E01BB}.Release|iPhoneSimulator.Build.0 = Release|Any CPU
		{B0F820F5-9A0B-4BD9-8E51-2F75314E01BB}.Release|x64.ActiveCfg = Release|Any CPU
		{B0F820F5-9A0B-4BD9-8E51-2F75314E01BB}.Release|x64.Build.0 = Release|Any CPU
		{B0F820F5-9A0B-4BD9-8E51-2F75314E01BB}.Release|x86.ActiveCfg = Release|Any CPU
		{B0F820F5-9A0B-4BD9-8E51-2F75314E01BB}.Release|x86.Build.0 = Release|Any CPU
		{146CFE1A-F7BD-4783-8E09-5D8FE3B2C25D}.Ad-Hoc|Any CPU.ActiveCfg = Release|Any CPU
		{146CFE1A-F7BD-4783-8E09-5D8FE3B2C25D}.Ad-Hoc|Any CPU.Build.0 = Release|Any CPU
		{146CFE1A-F7BD-4783-8E09-5D8FE3B2C25D}.Ad-Hoc|ARM.ActiveCfg = Release|Any CPU
		{146CFE1A-F7BD-4783-8E09-5D8FE3B2C25D}.Ad-Hoc|ARM.Build.0 = Release|Any CPU
		{146CFE1A-F7BD-4783-8E09-5D8FE3B2C25D}.Ad-Hoc|iPhone.ActiveCfg = Release|Any CPU
		{146CFE1A-F7BD-4783-8E09-5D8FE3B2C25D}.Ad-Hoc|iPhone.Build.0 = Release|Any CPU
		{146CFE1A-F7BD-4783-8E09-5D8FE3B2C25D}.Ad-Hoc|iPhoneSimulator.ActiveCfg = Release|Any CPU
		{146CFE1A-F7BD-4783-8E09-5D8FE3B2C25D}.Ad-Hoc|iPhoneSimulator.Build.0 = Release|Any CPU
		{146CFE1A-F7BD-4783-8E09-5D8FE3B2C25D}.Ad-Hoc|x64.ActiveCfg = Release|Any CPU
		{146CFE1A-F7BD-4783-8E09-5D8FE3B2C25D}.Ad-Hoc|x64.Build.0 = Release|Any CPU
		{146CFE1A-F7BD-4783-8E09-5D8FE3B2C25D}.Ad-Hoc|x86.ActiveCfg = Release|Any CPU
		{146CFE1A-F7BD-4783-8E09-5D8FE3B2C25D}.Ad-Hoc|x86.Build.0 = Release|Any CPU
		{146CFE1A-F7BD-4783-8E09-5D8FE3B2C25D}.AppStore|Any CPU.ActiveCfg = Release|Any CPU
		{146CFE1A-F7BD-4783-8E09-5D8FE3B2C25D}.AppStore|Any CPU.Build.0 = Release|Any CPU
		{146CFE1A-F7BD-4783-8E09-5D8FE3B2C25D}.AppStore|ARM.ActiveCfg = Release|Any CPU
		{146CFE1A-F7BD-4783-8E09-5D8FE3B2C25D}.AppStore|ARM.Build.0 = Release|Any CPU
		{146CFE1A-F7BD-4783-8E09-5D8FE3B2C25D}.AppStore|iPhone.ActiveCfg = Release|Any CPU
		{146CFE1A-F7BD-4783-8E09-5D8FE3B2C25D}.AppStore|iPhone.Build.0 = Release|Any CPU
		{146CFE1A-F7BD-4783-8E09-5D8FE3B2C25D}.AppStore|iPhoneSimulator.ActiveCfg = Release|Any CPU
		{146CFE1A-F7BD-4783-8E09-5D8FE3B2C25D}.AppStore|iPhoneSimulator.Build.0 = Release|Any CPU
		{146CFE1A-F7BD-4783-8E09-5D8FE3B2C25D}.AppStore|x64.ActiveCfg = Release|Any CPU
		{146CFE1A-F7BD-4783-8E09-5D8FE3B2C25D}.AppStore|x64.Build.0 = Release|Any CPU
		{146CFE1A-F7BD-4783-8E09-5D8FE3B2C25D}.AppStore|x86.ActiveCfg = Release|Any CPU
		{146CFE1A-F7BD-4783-8E09-5D8FE3B2C25D}.AppStore|x86.Build.0 = Release|Any CPU
		{146CFE1A-F7BD-4783-8E09-5D8FE3B2C25D}.Debug|Any CPU.ActiveCfg = Debug|Any CPU
		{146CFE1A-F7BD-4783-8E09-5D8FE3B2C25D}.Debug|Any CPU.Build.0 = Debug|Any CPU
		{146CFE1A-F7BD-4783-8E09-5D8FE3B2C25D}.Debug|ARM.ActiveCfg = Debug|Any CPU
		{146CFE1A-F7BD-4783-8E09-5D8FE3B2C25D}.Debug|ARM.Build.0 = Debug|Any CPU
		{146CFE1A-F7BD-4783-8E09-5D8FE3B2C25D}.Debug|iPhone.ActiveCfg = Debug|Any CPU
		{146CFE1A-F7BD-4783-8E09-5D8FE3B2C25D}.Debug|iPhone.Build.0 = Debug|Any CPU
		{146CFE1A-F7BD-4783-8E09-5D8FE3B2C25D}.Debug|iPhoneSimulator.ActiveCfg = Debug|Any CPU
		{146CFE1A-F7BD-4783-8E09-5D8FE3B2C25D}.Debug|iPhoneSimulator.Build.0 = Debug|Any CPU
		{146CFE1A-F7BD-4783-8E09-5D8FE3B2C25D}.Debug|x64.ActiveCfg = Debug|Any CPU
		{146CFE1A-F7BD-4783-8E09-5D8FE3B2C25D}.Debug|x64.Build.0 = Debug|Any CPU
		{146CFE1A-F7BD-4783-8E09-5D8FE3B2C25D}.Debug|x86.ActiveCfg = Debug|Any CPU
		{146CFE1A-F7BD-4783-8E09-5D8FE3B2C25D}.Debug|x86.Build.0 = Debug|Any CPU
		{146CFE1A-F7BD-4783-8E09-5D8FE3B2C25D}.Release|Any CPU.ActiveCfg = Release|Any CPU
		{146CFE1A-F7BD-4783-8E09-5D8FE3B2C25D}.Release|Any CPU.Build.0 = Release|Any CPU
		{146CFE1A-F7BD-4783-8E09-5D8FE3B2C25D}.Release|ARM.ActiveCfg = Release|Any CPU
		{146CFE1A-F7BD-4783-8E09-5D8FE3B2C25D}.Release|ARM.Build.0 = Release|Any CPU
		{146CFE1A-F7BD-4783-8E09-5D8FE3B2C25D}.Release|iPhone.ActiveCfg = Release|Any CPU
		{146CFE1A-F7BD-4783-8E09-5D8FE3B2C25D}.Release|iPhone.Build.0 = Release|Any CPU
		{146CFE1A-F7BD-4783-8E09-5D8FE3B2C25D}.Release|iPhoneSimulator.ActiveCfg = Release|Any CPU
		{146CFE1A-F7BD-4783-8E09-5D8FE3B2C25D}.Release|iPhoneSimulator.Build.0 = Release|Any CPU
		{146CFE1A-F7BD-4783-8E09-5D8FE3B2C25D}.Release|x64.ActiveCfg = Release|Any CPU
		{146CFE1A-F7BD-4783-8E09-5D8FE3B2C25D}.Release|x64.Build.0 = Release|Any CPU
		{146CFE1A-F7BD-4783-8E09-5D8FE3B2C25D}.Release|x86.ActiveCfg = Release|Any CPU
		{146CFE1A-F7BD-4783-8E09-5D8FE3B2C25D}.Release|x86.Build.0 = Release|Any CPU
	EndGlobalSection
	GlobalSection(SolutionProperties) = preSolution
		HideSolutionNode = FALSE
	EndGlobalSection
	GlobalSection(NestedProjects) = preSolution
		{B0F820F5-9A0B-4BD9-8E51-2F75314E01BB} = {1FBE5FD3-0751-443B-B6E8-1C1C0B7CB6D2}
		{146CFE1A-F7BD-4783-8E09-5D8FE3B2C25D} = {1FBE5FD3-0751-443B-B6E8-1C1C0B7CB6D2}
	EndGlobalSection
EndGlobal
